
Microsoft Visual Studio Solution File, Format Version 12.00
# Visual Studio 2012
Project("{FAE04EC0-301F-11D3-BF4B-00C04F79EFBC}") = "AAAP", "AAAP\AAAP.csproj", "{8A094729-2E41-4886-B6E9-588120C498C5}"
EndProject
Project("{FAE04EC0-301F-11D3-BF4B-00C04F79EFBC}") = "AAAP.Tests", "AAAP.Tests\AAAP.Tests.csproj", "{CCD24F9E-80F7-4AB2-AA1E-8582A57A8187}"
EndProject
Global
	GlobalSection(SolutionConfigurationPlatforms) = preSolution
		Debug|Any CPU = Debug|Any CPU
		Release|Any CPU = Release|Any CPU
	EndGlobalSection
	GlobalSection(ProjectConfigurationPlatforms) = postSolution
		{8A094729-2E41-4886-B6E9-588120C498C5}.Debug|Any CPU.ActiveCfg = Debug|Any CPU
		{8A094729-2E41-4886-B6E9-588120C498C5}.Debug|Any CPU.Build.0 = Debug|Any CPU
		{8A094729-2E41-4886-B6E9-588120C498C5}.Release|Any CPU.ActiveCfg = Release|Any CPU
		{8A094729-2E41-4886-B6E9-588120C498C5}.Release|Any CPU.Build.0 = Release|Any CPU
		{CCD24F9E-80F7-4AB2-AA1E-8582A57A8187}.Debug|Any CPU.ActiveCfg = Debug|Any CPU
		{CCD24F9E-80F7-4AB2-AA1E-8582A57A8187}.Debug|Any CPU.Build.0 = Debug|Any CPU
		{CCD24F9E-80F7-4AB2-AA1E-8582A57A8187}.Release|Any CPU.ActiveCfg = Release|Any CPU
		{CCD24F9E-80F7-4AB2-AA1E-8582A57A8187}.Release|Any CPU.Build.0 = Release|Any CPU
	EndGlobalSection
	GlobalSection(SolutionProperties) = preSolution
		HideSolutionNode = FALSE
	EndGlobalSection
EndGlobal
